
Microsoft Visual Studio Solution File, Format Version 12.00
# Visual Studio Version 17
VisualStudioVersion = 17.6.33815.320
MinimumVisualStudioVersion = 10.0.40219.1
Project("{00D1A9C2-B5F0-4AF3-8072-F6C62B433612}") = "PetShopApp", "PetShopApp\PetShopApp.sqlproj", "{66CD292D-0023-46FB-AD85-4E6FD724EC11}"
EndProject
Global
	GlobalSection(SolutionConfigurationPlatforms) = preSolution
		Debug|Any CPU = Debug|Any CPU
		Release|Any CPU = Release|Any CPU
	EndGlobalSection
	GlobalSection(ProjectConfigurationPlatforms) = postSolution
		{66CD292D-0023-46FB-AD85-4E6FD724EC11}.Debug|Any CPU.ActiveCfg = Debug|Any CPU
		{66CD292D-0023-46FB-AD85-4E6FD724EC11}.Debug|Any CPU.Build.0 = Debug|Any CPU
		{66CD292D-0023-46FB-AD85-4E6FD724EC11}.Debug|Any CPU.Deploy.0 = Debug|Any CPU
		{66CD292D-0023-46FB-AD85-4E6FD724EC11}.Release|Any CPU.ActiveCfg = Release|Any CPU
		{66CD292D-0023-46FB-AD85-4E6FD724EC11}.Release|Any CPU.Build.0 = Release|Any CPU
		{66CD292D-0023-46FB-AD85-4E6FD724EC11}.Release|Any CPU.Deploy.0 = Release|Any CPU
	EndGlobalSection
	GlobalSection(SolutionProperties) = preSolution
		HideSolutionNode = FALSE
	EndGlobalSection
	GlobalSection(ExtensibilityGlobals) = postSolution
		SolutionGuid = {35B83C66-32CD-4D26-AFEA-398EA801E61B}
	EndGlobalSection
EndGlobal
